
Microsoft Visual Studio Solution File, Format Version 12.00
# Visual Studio 14
VisualStudioVersion = 14.0.25123.0
MinimumVisualStudioVersion = 10.0.40219.1
Project("{FAE04EC0-301F-11D3-BF4B-00C04F79EFBC}") = "ExcelConsoleApp", "ExcelConsoleApp\ExcelConsoleApp.csproj", "{DFA53008-8657-4D4A-A0A0-5053A261A0A0}"
EndProject
Project("{FAE04EC0-301F-11D3-BF4B-00C04F79EFBC}") = "FetchData", "FetchData\FetchData.csproj", "{F85DC8AF-C861-4153-8695-07095DF99CA1}"
EndProject
Global
	GlobalSection(SolutionConfigurationPlatforms) = preSolution
		Debug|Any CPU = Debug|Any CPU
		Release|Any CPU = Release|Any CPU
	EndGlobalSection
	GlobalSection(ProjectConfigurationPlatforms) = postSolution
		{DFA53008-8657-4D4A-A0A0-5053A261A0A0}.Debug|Any CPU.ActiveCfg = Debug|Any CPU
		{DFA53008-8657-4D4A-A0A0-5053A261A0A0}.Debug|Any CPU.Build.0 = Debug|Any CPU
		{DFA53008-8657-4D4A-A0A0-5053A261A0A0}.Release|Any CPU.ActiveCfg = Release|Any CPU
		{DFA53008-8657-4D4A-A0A0-5053A261A0A0}.Release|Any CPU.Build.0 = Release|Any CPU
		{F85DC8AF-C861-4153-8695-07095DF99CA1}.Debug|Any CPU.ActiveCfg = Debug|Any CPU
		{F85DC8AF-C861-4153-8695-07095DF99CA1}.Debug|Any CPU.Build.0 = Debug|Any CPU
		{F85DC8AF-C861-4153-8695-07095DF99CA1}.Release|Any CPU.ActiveCfg = Release|Any CPU
		{F85DC8AF-C861-4153-8695-07095DF99CA1}.Release|Any CPU.Build.0 = Release|Any CPU
	EndGlobalSection
	GlobalSection(SolutionProperties) = preSolution
		HideSolutionNode = FALSE
	EndGlobalSection
EndGlobal
